
Microsoft Visual Studio Solution File, Format Version 12.00
# Visual Studio Version 17
VisualStudioVersion = 17.5.002.0
MinimumVisualStudioVersion = 10.0.40219.1
Project("{9A19103F-16F7-4668-BE54-9A1E7A4F7556}") = "Infrastructure", "Infrastructure.csproj", "{BD94E50A-143A-4A29-98A8-F4FE3E44B7EE}"
EndProject
Global
	GlobalSection(SolutionConfigurationPlatforms) = preSolution
		Debug|Any CPU = Debug|Any CPU
		Release|Any CPU = Release|Any CPU
	EndGlobalSection
	GlobalSection(ProjectConfigurationPlatforms) = postSolution
		{BD94E50A-143A-4A29-98A8-F4FE3E44B7EE}.Debug|Any CPU.ActiveCfg = Debug|Any CPU
		{BD94E50A-143A-4A29-98A8-F4FE3E44B7EE}.Debug|Any CPU.Build.0 = Debug|Any CPU
		{BD94E50A-143A-4A29-98A8-F4FE3E44B7EE}.Release|Any CPU.ActiveCfg = Release|Any CPU
		{BD94E50A-143A-4A29-98A8-F4FE3E44B7EE}.Release|Any CPU.Build.0 = Release|Any CPU
	EndGlobalSection
	GlobalSection(SolutionProperties) = preSolution
		HideSolutionNode = FALSE
	EndGlobalSection
	GlobalSection(ExtensibilityGlobals) = postSolution
		SolutionGuid = {6996D2F2-4C2A-4FB6-88E8-8A5A3F30D3F0}
	EndGlobalSection
EndGlobal
