
Microsoft Visual Studio Solution File, Format Version 12.00
# Visual Studio Version 17
VisualStudioVersion = 17.0.31903.59
MinimumVisualStudioVersion = 10.0.40219.1
Project("{9A19103F-16F7-4668-BE54-9A1E7A4F7556}") = "Api", "src\Api\Api.csproj", "{6D1B38FF-C4BD-4D26-9329-F1DE32C3DEF1}"
EndProject
Project("{9A19103F-16F7-4668-BE54-9A1E7A4F7556}") = "Infrastructure", "src\Infrastructure\Infrastructure.csproj", "{FCD21B4D-BF9A-4463-AB2C-6142F9604735}"
EndProject
Project("{2150E333-8FDC-42A3-9474-1A3956D46DE8}") = "src", "src", "{FB851393-6D91-419B-AEFF-5BC38556E809}"
	ProjectSection(SolutionItems) = preProject
		Observations.txt = Observations.txt
	EndProjectSection
EndProject
Project("{9A19103F-16F7-4668-BE54-9A1E7A4F7556}") = "Domain", "src\Domain\Domain.csproj", "{CC746742-7ECF-430D-B665-FBEC1B9EDAEF}"
EndProject
Project("{9A19103F-16F7-4668-BE54-9A1E7A4F7556}") = "Application", "src\Application\Application.csproj", "{EB09C3BB-A39B-4BA9-857E-81323B25CABB}"
EndProject
Project("{2150E333-8FDC-42A3-9474-1A3956D46DE8}") = "tests", "tests", "{85F8CF1C-B2BB-4C9E-97B5-04B98373BE3E}"
EndProject
Project("{FAE04EC0-301F-11D3-BF4B-00C04F79EFBC}") = "Application.UnitTests", "tests\Application.UnitTests\Application.UnitTests.csproj", "{D6EFC106-1639-4C3C-AD71-98B85D35B126}"
EndProject
Project("{FAE04EC0-301F-11D3-BF4B-00C04F79EFBC}") = "Application.IntegrationTests", "tests\Application.IntegrationTests\Application.IntegrationTests.csproj", "{6EFD91BF-F787-40B8-A3FB-B214E67775AF}"
EndProject
Project("{FAE04EC0-301F-11D3-BF4B-00C04F79EFBC}") = "checklist-messageHandler", "checklist-messageHandler\checklist-messageHandler.csproj", "{49B681AA-0469-4A37-AB79-531E35B5D559}"
EndProject
Global
	GlobalSection(SolutionConfigurationPlatforms) = preSolution
		Debug|Any CPU = Debug|Any CPU
		Release|Any CPU = Release|Any CPU
	EndGlobalSection
	GlobalSection(ProjectConfigurationPlatforms) = postSolution
		{6D1B38FF-C4BD-4D26-9329-F1DE32C3DEF1}.Debug|Any CPU.ActiveCfg = Debug|Any CPU
		{6D1B38FF-C4BD-4D26-9329-F1DE32C3DEF1}.Debug|Any CPU.Build.0 = Debug|Any CPU
		{6D1B38FF-C4BD-4D26-9329-F1DE32C3DEF1}.Release|Any CPU.ActiveCfg = Release|Any CPU
		{6D1B38FF-C4BD-4D26-9329-F1DE32C3DEF1}.Release|Any CPU.Build.0 = Release|Any CPU
		{FCD21B4D-BF9A-4463-AB2C-6142F9604735}.Debug|Any CPU.ActiveCfg = Debug|Any CPU
		{FCD21B4D-BF9A-4463-AB2C-6142F9604735}.Debug|Any CPU.Build.0 = Debug|Any CPU
		{FCD21B4D-BF9A-4463-AB2C-6142F9604735}.Release|Any CPU.ActiveCfg = Release|Any CPU
		{FCD21B4D-BF9A-4463-AB2C-6142F9604735}.Release|Any CPU.Build.0 = Release|Any CPU
		{CC746742-7ECF-430D-B665-FBEC1B9EDAEF}.Debug|Any CPU.ActiveCfg = Debug|Any CPU
		{CC746742-7ECF-430D-B665-FBEC1B9EDAEF}.Debug|Any CPU.Build.0 = Debug|Any CPU
		{CC746742-7ECF-430D-B665-FBEC1B9EDAEF}.Release|Any CPU.ActiveCfg = Release|Any CPU
		{CC746742-7ECF-430D-B665-FBEC1B9EDAEF}.Release|Any CPU.Build.0 = Release|Any CPU
		{EB09C3BB-A39B-4BA9-857E-81323B25CABB}.Debug|Any CPU.ActiveCfg = Debug|Any CPU
		{EB09C3BB-A39B-4BA9-857E-81323B25CABB}.Debug|Any CPU.Build.0 = Debug|Any CPU
		{EB09C3BB-A39B-4BA9-857E-81323B25CABB}.Release|Any CPU.ActiveCfg = Release|Any CPU
		{EB09C3BB-A39B-4BA9-857E-81323B25CABB}.Release|Any CPU.Build.0 = Release|Any CPU
		{D6EFC106-1639-4C3C-AD71-98B85D35B126}.Debug|Any CPU.ActiveCfg = Debug|Any CPU
		{D6EFC106-1639-4C3C-AD71-98B85D35B126}.Debug|Any CPU.Build.0 = Debug|Any CPU
		{D6EFC106-1639-4C3C-AD71-98B85D35B126}.Release|Any CPU.ActiveCfg = Release|Any CPU
		{D6EFC106-1639-4C3C-AD71-98B85D35B126}.Release|Any CPU.Build.0 = Release|Any CPU
		{6EFD91BF-F787-40B8-A3FB-B214E67775AF}.Debug|Any CPU.ActiveCfg = Debug|Any CPU
		{6EFD91BF-F787-40B8-A3FB-B214E67775AF}.Debug|Any CPU.Build.0 = Debug|Any CPU
		{6EFD91BF-F787-40B8-A3FB-B214E67775AF}.Release|Any CPU.ActiveCfg = Release|Any CPU
		{6EFD91BF-F787-40B8-A3FB-B214E67775AF}.Release|Any CPU.Build.0 = Release|Any CPU
		{49B681AA-0469-4A37-AB79-531E35B5D559}.Debug|Any CPU.ActiveCfg = Debug|Any CPU
		{49B681AA-0469-4A37-AB79-531E35B5D559}.Debug|Any CPU.Build.0 = Debug|Any CPU
		{49B681AA-0469-4A37-AB79-531E35B5D559}.Release|Any CPU.ActiveCfg = Release|Any CPU
		{49B681AA-0469-4A37-AB79-531E35B5D559}.Release|Any CPU.Build.0 = Release|Any CPU
	EndGlobalSection
	GlobalSection(SolutionProperties) = preSolution
		HideSolutionNode = FALSE
	EndGlobalSection
	GlobalSection(NestedProjects) = preSolution
		{6D1B38FF-C4BD-4D26-9329-F1DE32C3DEF1} = {FB851393-6D91-419B-AEFF-5BC38556E809}
		{FCD21B4D-BF9A-4463-AB2C-6142F9604735} = {FB851393-6D91-419B-AEFF-5BC38556E809}
		{CC746742-7ECF-430D-B665-FBEC1B9EDAEF} = {FB851393-6D91-419B-AEFF-5BC38556E809}
		{EB09C3BB-A39B-4BA9-857E-81323B25CABB} = {FB851393-6D91-419B-AEFF-5BC38556E809}
		{D6EFC106-1639-4C3C-AD71-98B85D35B126} = {85F8CF1C-B2BB-4C9E-97B5-04B98373BE3E}
		{6EFD91BF-F787-40B8-A3FB-B214E67775AF} = {85F8CF1C-B2BB-4C9E-97B5-04B98373BE3E}
	EndGlobalSection
	GlobalSection(ExtensibilityGlobals) = postSolution
		SolutionGuid = {BF628A6E-D4FB-4C2B-BCBF-C28EC299D318}
	EndGlobalSection
EndGlobal
